PODS:
  - FlutterMacOS (1.0.0)
  - "sweph (3.2.0+2.10.3)":
    - FlutterMacOS

DEPENDENCIES:
  - FlutterMacOS (from `Flutter/ephemeral`)
  - sweph (from `Flutter/ephemeral/.symlinks/plugins/sweph/macos`)

EXTERNAL SOURCES:
  FlutterMacOS:
    :path: Flutter/ephemeral
  sweph:
    :path: Flutter/ephemeral/.symlinks/plugins/sweph/macos

SPEC CHECKSUMS:
  FlutterMacOS: d0db08ddef1a9af05a5ec4b724367152bb0500b1
  sweph: d0cbe2a0a4847c912f370274ae73cf55293c30f8

PODFILE CHECKSUM: 9e8d6c0fdb46e19301c6444943a68374392cb446

COCOAPODS: 1.16.2
